<?xml version="1.0" encoding="utf-8"?>
<Project ToolsVersion="4.0" xmlns="http://schemas.microsoft.com/developer/msbuild/2003">
  <ItemGroup>
    <Filter Include="Source Files">
      <UniqueIdentifier>{4FC737F1-C7A5-4376-A066-2A32D752A2FF}</UniqueIdentifier>
      <Extensions>cpp;c;cc;cxx;c++;cppm;ixx;def;odl;idl;hpj;bat;asm;asmx</Extensions>
    </Filter>
    <Filter Include="Header Files">
      <UniqueIdentifier>{93995380-89BD-4b04-88EB-625FBE52EBFB}</UniqueIdentifier>
      <Extensions>h;hh;hpp;hxx;h++;hm;inl;inc;ipp;xsd</Extensions>
    </Filter>
    <Filter Include="Resource Files">
      <UniqueIdentifier>{67DA6AB6-F800-4c08-8B7A-83BB121AAD01}</UniqueIdentifier>
      <Extensions>rc;ico;cur;bmp;dlg;rc2;rct;bin;rgs;gif;jpg;jpeg;jpe;resx;tiff;tif;png;wav;mfcribbon-ms</Extensions>
    </Filter>
    <Filter Include="usercontrol">
      <UniqueIdentifier>{4643617c-4926-4786-8906-b280f91f8e13}</UniqueIdentifier>
    </Filter>
    <Filter Include="common">
      <UniqueIdentifier>{1667c8d4-8d3e-44f2-a776-43ceaf793e38}</UniqueIdentifier>
    </Filter>
  </ItemGroup>
  <ItemGroup>
    <ClInclude Include="MFCAppDisplayBMP.h">
      <Filter>Header Files</Filter>
    </ClInclude>
    <ClInclude Include="MFCAppDisplayBMPDlg.h">
      <Filter>Header Files</Filter>
    </ClInclude>
    <ClInclude Include="framework.h">
      <Filter>Header Files</Filter>
    </ClInclude>
    <ClInclude Include="targetver.h">
      <Filter>Header Files</Filter>
    </ClInclude>
    <ClInclude Include="Resource.h">
      <Filter>Header Files</Filter>
    </ClInclude>
    <ClInclude Include="pch.h">
      <Filter>Header Files</Filter>
    </ClInclude>
    <ClInclude Include="Cdib.h">
      <Filter>Header Files</Filter>
    </ClInclude>
    <ClInclude Include="usercontrol\dib.h">
      <Filter>usercontrol</Filter>
    </ClInclude>
    <ClInclude Include="usercontrol\dibpal.h">
      <Filter>usercontrol</Filter>
    </ClInclude>
    <ClInclude Include="CRoiClass.h">
      <Filter>Header Files</Filter>
    </ClInclude>
    <ClInclude Include="usercontrol\CNEImage.h">
      <Filter>usercontrol</Filter>
    </ClInclude>
    <ClInclude Include="common\CommonDefine.h">
      <Filter>common</Filter>
    </ClInclude>
    <ClInclude Include="usercontrol\CRollMapInterface.h">
      <Filter>usercontrol</Filter>
    </ClInclude>
    <ClInclude Include="CVector.h">
      <Filter>Header Files</Filter>
    </ClInclude>
    <ClInclude Include="CommonData.h">
      <Filter>Header Files</Filter>
    </ClInclude>
    <ClInclude Include="Lang.h">
      <Filter>Header Files</Filter>
    </ClInclude>
  </ItemGroup>
  <ItemGroup>
    <ClCompile Include="MFCAppDisplayBMP.cpp">
      <Filter>Source Files</Filter>
    </ClCompile>
    <ClCompile Include="MFCAppDisplayBMPDlg.cpp">
      <Filter>Source Files</Filter>
    </ClCompile>
    <ClCompile Include="Cdib.cpp">
      <Filter>Source Files</Filter>
    </ClCompile>
    <ClCompile Include="usercontrol\dib.cpp">
      <Filter>usercontrol</Filter>
    </ClCompile>
    <ClCompile Include="usercontrol\dibpal.cpp">
      <Filter>usercontrol</Filter>
    </ClCompile>
    <ClCompile Include="CRoiClass.cpp">
      <Filter>Source Files</Filter>
    </ClCompile>
    <ClCompile Include="usercontrol\CNEImage.cpp">
      <Filter>usercontrol</Filter>
    </ClCompile>
    <ClCompile Include="usercontrol\CRollMapInterface.cpp">
      <Filter>usercontrol</Filter>
    </ClCompile>
    <ClCompile Include="CVector.cpp">
      <Filter>Source Files</Filter>
    </ClCompile>
    <ClCompile Include="CommonData.cpp">
      <Filter>Source Files</Filter>
    </ClCompile>
    <ClCompile Include="Lang.cpp">
      <Filter>Source Files</Filter>
    </ClCompile>
  </ItemGroup>
  <ItemGroup>
    <ResourceCompile Include="MFCAppDisplayBMP.rc">
      <Filter>Resource Files</Filter>
    </ResourceCompile>
  </ItemGroup>
  <ItemGroup>
    <None Include="res\MFCAppDisplayBMP.rc2">
      <Filter>Resource Files</Filter>
    </None>
  </ItemGroup>
  <ItemGroup>
    <Image Include="res\MFCAppDisplayBMP.ico">
      <Filter>Resource Files</Filter>
    </Image>
  </ItemGroup>
</Project>